lockfileVersion: '9.0'

settings:
  autoInstallPeers: true
  excludeLinksFromLockfile: false

importers:

  .:
    dependencies:
      framer-motion:
        specifier: ^14.0.0
        version: 14.0.0
      motion:
        specifier: ^14.0.0
        version: 14.0.0

packages:

  framer-motion@14.0.0:
    resolution: {integrity: sha512-QAtHmybrDFSliyW1sexMtSQTQd+1jw2ajibEmzpuI4XdPVzQkn+dAzJMm2sW3pl9MJuSS4xN51djQ7huhlP/VA==}
    peerDependencies:
      react: ^18.0.0 || ^19.0.0
      react-dom: ^18.0.0 || ^19.0.0
    peerDependenciesMeta:
      react:
        optional: true
      react-dom:
        optional: true

  motion-dom@14.0.0:
    resolution: {integrity: sha512-aU3ApXo1yTpeUi3JU+jbDk2TELjxPE3MbBMUP7nZHlARb6RweJK+ojmLjpuB0YsY6zhbBl1YWGo8LMsI1/Llqw==}

  motion-utils@14.0.0:
    resolution: {integrity: sha512-jBsyjVxTTRZNeuvd/v+btVXr90LQkYl4HhRu9T2ARc+PMnvkmjsjRVeAg4Qm10b6TlTw+kykWI8gu/6LuvpLSQ==}

  motion@14.0.0:
    resolution: {integrity: sha512-oGc2lkge2lkRZCP+J8/JsnYu4NFjqP1MtXirNdetn3QbvK2JqwM9A200EdT4C598KfzDhjLT12zF21xDM4Oilw==}
    peerDependencies:
      react: ^18.0.0 || ^19.0.0
      react-dom: ^18.0.0 || ^19.0.0
    peerDependenciesMeta:
      react:
        optional: true
      react-dom:
        optional: true

  tslib@2.8.1:
    resolution: {integrity: sha512-oJFu94HQb+KVduSUQL7wnpmqnfmLsOA/nAh6b6EH0wCEoK0/mPeXU6c3wKDV83MkOuHPRHtSXKKU99IBazS/2w==}

snapshots:

  framer-motion@14.0.0:
    dependencies:
      motion-dom: 14.0.0
      motion-utils: 14.0.0
      tslib: 2.8.1

  motion-dom@14.0.0:
    dependencies:
      motion-utils: 14.0.0

  motion-utils@14.0.0: {}

  motion@14.0.0:
    dependencies:
      framer-motion: 14.0.0
      tslib: 2.8.1

  tslib@2.8.1: {}
